Microsoft Visual Studio Solution File, Format Version 11.00
# Visual Studio 2008

Project("{819DCC30-841B-1028-32EC-7626751698D9}") = "ImagenHelper", "Assembly-CSharp.csproj", "{8F5FA13F-72A9-9AC7-0957-B1D6D112BC0E}"
EndProject
Project("{819DCC30-841B-1028-32EC-7626751698D9}") = "ImagenHelper", "Assembly-UnityScript.unityproj", "{A7E2D0C8-17D5-D5D2-151E-0EEB78F184B3}"
EndProject
Global
	GlobalSection(SolutionConfigurationPlatforms) = preSolution
		Debug|Any CPU = Debug|Any CPU
		Release|Any CPU = Release|Any CPU
	EndGlobalSection
	GlobalSection(ProjectConfigurationPlatforms) = postSolution
		{8F5FA13F-72A9-9AC7-0957-B1D6D112BC0E}.Debug|Any CPU.ActiveCfg = Debug|Any CPU
		{8F5FA13F-72A9-9AC7-0957-B1D6D112BC0E}.Debug|Any CPU.Build.0 = Debug|Any CPU
		{8F5FA13F-72A9-9AC7-0957-B1D6D112BC0E}.Release|Any CPU.ActiveCfg = Release|Any CPU
		{8F5FA13F-72A9-9AC7-0957-B1D6D112BC0E}.Release|Any CPU.Build.0 = Release|Any CPU
		{A7E2D0C8-17D5-D5D2-151E-0EEB78F184B3}.Debug|Any CPU.ActiveCfg = Debug|Any CPU
		{A7E2D0C8-17D5-D5D2-151E-0EEB78F184B3}.Debug|Any CPU.Build.0 = Debug|Any CPU
		{A7E2D0C8-17D5-D5D2-151E-0EEB78F184B3}.Release|Any CPU.ActiveCfg = Release|Any CPU
		{A7E2D0C8-17D5-D5D2-151E-0EEB78F184B3}.Release|Any CPU.Build.0 = Release|Any CPU
	EndGlobalSection
	GlobalSection(SolutionProperties) = preSolution
		HideSolutionNode = FALSE
	EndGlobalSection
																							GlobalSection(MonoDevelopProperties) = preSolution
		StartupItem = Assembly-CSharp.csproj
		Policies = $0
		$0.TextStylePolicy = $1
		$1.inheritsSet = null
		$1.scope = text/x-csharp
		$0.CSharpFormattingPolicy = $2
		$2.inheritsSet = Mono
		$2.inheritsScope = text/x-csharp
		$2.scope = text/x-csharp
		$0.TextStylePolicy = $3
		$3.FileWidth = 120
		$3.TabWidth = 4
		$3.IndentWidth = 4
		$3.EolMarker = Unix
		$3.inheritsSet = Mono
		$3.inheritsScope = text/plain
		$3.scope = text/plain
	EndGlobalSection

EndGlobal
