
Microsoft Visual Studio Solution File, Format Version 11.0
# Visual Studio 2010
Project("{FAE04EC0-301F-11D3-BF4B-00C04F79EFBC}") = "UnityVS.ImagenHelper.CSharp", "UnityVS.ImagenHelper.CSharp.csproj", "{DA396089-8711-D38C-AA2B-54108F0B576E}"
EndProject
Global
	GlobalSection(SolutionConfigurationPlatforms) = preSolution
		Debug|Any CPU = Debug|Any CPU
		Release|Any CPU = Release|Any CPU
	EndGlobalSection
	GlobalSection(ProjectConfigurationPlatforms) = postSolution
		{DA396089-8711-D38C-AA2B-54108F0B576E}.Debug|Any CPU.ActiveCfg = Debug|Any CPU
		{DA396089-8711-D38C-AA2B-54108F0B576E}.Debug|Any CPU.Build.0 = Debug|Any CPU
		{DA396089-8711-D38C-AA2B-54108F0B576E}.Release|Any CPU.ActiveCfg = Release|Any CPU
		{DA396089-8711-D38C-AA2B-54108F0B576E}.Release|Any CPU.Build.0 = Release|Any CPU
	EndGlobalSection
	GlobalSection(SolutionProperties) = preSolution
		HideSolutionNode = FALSE
	EndGlobalSection
EndGlobal
